
Microsoft Visual Studio Solution File, Format Version 12.00
# Visual Studio Version 17
VisualStudioVersion = 17.9.34310.174
MinimumVisualStudioVersion = 10.0.40219.1
Project("{FAE04EC0-301F-11D3-BF4B-00C04F79EFBC}") = "Telegram-joinbot", "Telegram-joinbot.csproj", "{DDCD251D-8155-4F37-A729-D7572EAE1E4B}"
EndProject
Global
	GlobalSection(SolutionConfigurationPlatforms) = preSolution
		Debug|Any CPU = Debug|Any CPU
		Release|Any CPU = Release|Any CPU
	EndGlobalSection
	GlobalSection(ProjectConfigurationPlatforms) = postSolution
		{DDCD251D-8155-4F37-A729-D7572EAE1E4B}.Debug|Any CPU.ActiveCfg = Debug|Any CPU
		{DDCD251D-8155-4F37-A729-D7572EAE1E4B}.Debug|Any CPU.Build.0 = Debug|Any CPU
		{DDCD251D-8155-4F37-A729-D7572EAE1E4B}.Release|Any CPU.ActiveCfg = Release|Any CPU
		{DDCD251D-8155-4F37-A729-D7572EAE1E4B}.Release|Any CPU.Build.0 = Release|Any CPU
	EndGlobalSection
	GlobalSection(SolutionProperties) = preSolution
		HideSolutionNode = FALSE
	EndGlobalSection
	GlobalSection(ExtensibilityGlobals) = postSolution
		SolutionGuid = {EF88773C-F069-465C-87B5-2BCA8554B729}
	EndGlobalSection
EndGlobal
